
Microsoft Visual Studio Solution File, Format Version 12.00
# Visual Studio Version 16
VisualStudioVersion = 16.0.29905.134
MinimumVisualStudioVersion = 10.0.40219.1
Project("{9A19103F-16F7-4668-BE54-9A1E7A4F7556}") = "UnitTest", "UnitTestProject1\UnitTest.csproj", "{84624FAD-73D7-4941-BA97-30E539B78626}"
EndProject
Project("{9A19103F-16F7-4668-BE54-9A1E7A4F7556}") = "CSharpMain", "CSharpExample\CSharpMain.csproj", "{212676D5-0D7F-4559-BA6D-66D52357D6F7}"
EndProject
Project("{FAE04EC0-301F-11D3-BF4B-00C04F79EFBC}") = "EntityFrameworkCoreExample", "EntityFrameworkCoreExample\EntityFrameworkCoreExample.csproj", "{8CA9666E-DDE1-4A10-A14C-AD2E2A5E00F3}"
EndProject
Global
	GlobalSection(SolutionConfigurationPlatforms) = preSolution
		Debug|Any CPU = Debug|Any CPU
		Release|Any CPU = Release|Any CPU
	EndGlobalSection
	GlobalSection(ProjectConfigurationPlatforms) = postSolution
		{84624FAD-73D7-4941-BA97-30E539B78626}.Debug|Any CPU.ActiveCfg = Debug|Any CPU
		{84624FAD-73D7-4941-BA97-30E539B78626}.Debug|Any CPU.Build.0 = Debug|Any CPU
		{84624FAD-73D7-4941-BA97-30E539B78626}.Release|Any CPU.ActiveCfg = Release|Any CPU
		{84624FAD-73D7-4941-BA97-30E539B78626}.Release|Any CPU.Build.0 = Release|Any CPU
		{212676D5-0D7F-4559-BA6D-66D52357D6F7}.Debug|Any CPU.ActiveCfg = Debug|Any CPU
		{212676D5-0D7F-4559-BA6D-66D52357D6F7}.Debug|Any CPU.Build.0 = Debug|Any CPU
		{212676D5-0D7F-4559-BA6D-66D52357D6F7}.Release|Any CPU.ActiveCfg = Release|Any CPU
		{212676D5-0D7F-4559-BA6D-66D52357D6F7}.Release|Any CPU.Build.0 = Release|Any CPU
		{8CA9666E-DDE1-4A10-A14C-AD2E2A5E00F3}.Debug|Any CPU.ActiveCfg = Debug|Any CPU
		{8CA9666E-DDE1-4A10-A14C-AD2E2A5E00F3}.Debug|Any CPU.Build.0 = Debug|Any CPU
		{8CA9666E-DDE1-4A10-A14C-AD2E2A5E00F3}.Release|Any CPU.ActiveCfg = Release|Any CPU
		{8CA9666E-DDE1-4A10-A14C-AD2E2A5E00F3}.Release|Any CPU.Build.0 = Release|Any CPU
	EndGlobalSection
	GlobalSection(SolutionProperties) = preSolution
		HideSolutionNode = FALSE
	EndGlobalSection
	GlobalSection(ExtensibilityGlobals) = postSolution
		SolutionGuid = {5A9BA432-B719-41F8-BB70-C72FE4666BB2}
	EndGlobalSection
EndGlobal
